
Microsoft Visual Studio Solution File, Format Version 12.00
# Visual Studio 15
VisualStudioVersion = 15.0.26730.16
MinimumVisualStudioVersion = 10.0.40219.1
Project("{9A19103F-16F7-4668-BE54-9A1E7A4F7556}") = "TestFm.Library", "TestFm.Library\TestFm.Library.csproj", "{F80A6703-B1CB-4381-8000-D3963C9FF73C}"
EndProject
Project("{FAE04EC0-301F-11D3-BF4B-00C04F79EFBC}") = "TestFm.WebApp", "TestFm.WebApp\TestFm.WebApp.csproj", "{81418A2C-F6B9-4159-B096-3D81C5589043}"
EndProject
Project("{FAE04EC0-301F-11D3-BF4B-00C04F79EFBC}") = "TestFm.WebApp2", "TestFm.WebApp2\TestFm.WebApp2.csproj", "{E485EAED-FA91-4EF3-8CA0-432D4291D1BB}"
EndProject
Global
	GlobalSection(SolutionConfigurationPlatforms) = preSolution
		Debug|Any CPU = Debug|Any CPU
		Release|Any CPU = Release|Any CPU
	EndGlobalSection
	GlobalSection(ProjectConfigurationPlatforms) = postSolution
		{F80A6703-B1CB-4381-8000-D3963C9FF73C}.Debug|Any CPU.ActiveCfg = Debug|Any CPU
		{F80A6703-B1CB-4381-8000-D3963C9FF73C}.Debug|Any CPU.Build.0 = Debug|Any CPU
		{F80A6703-B1CB-4381-8000-D3963C9FF73C}.Release|Any CPU.ActiveCfg = Release|Any CPU
		{F80A6703-B1CB-4381-8000-D3963C9FF73C}.Release|Any CPU.Build.0 = Release|Any CPU
		{81418A2C-F6B9-4159-B096-3D81C5589043}.Debug|Any CPU.ActiveCfg = Debug|Any CPU
		{81418A2C-F6B9-4159-B096-3D81C5589043}.Debug|Any CPU.Build.0 = Debug|Any CPU
		{81418A2C-F6B9-4159-B096-3D81C5589043}.Release|Any CPU.ActiveCfg = Release|Any CPU
		{81418A2C-F6B9-4159-B096-3D81C5589043}.Release|Any CPU.Build.0 = Release|Any CPU
		{E485EAED-FA91-4EF3-8CA0-432D4291D1BB}.Debug|Any CPU.ActiveCfg = Debug|Any CPU
		{E485EAED-FA91-4EF3-8CA0-432D4291D1BB}.Debug|Any CPU.Build.0 = Debug|Any CPU
		{E485EAED-FA91-4EF3-8CA0-432D4291D1BB}.Release|Any CPU.ActiveCfg = Release|Any CPU
		{E485EAED-FA91-4EF3-8CA0-432D4291D1BB}.Release|Any CPU.Build.0 = Release|Any CPU
	EndGlobalSection
	GlobalSection(SolutionProperties) = preSolution
		HideSolutionNode = FALSE
	EndGlobalSection
	GlobalSection(ExtensibilityGlobals) = postSolution
		SolutionGuid = {1E100512-ABC6-4853-A913-0A3CCE46E719}
	EndGlobalSection
EndGlobal
